// !$*UTF8*$!
{
	archiveVersion = 1;
	classes = {
	};
	objectVersion = 46;
	objects = {

/* Begin PBXBuildFile section */
		D432384A19B0006700A79C73 /* Foundation.framework in Frameworks */ = {isa = PBXBuildFile; fileRef = D432384919B0006700A79C73 /* Foundation.framework */; };
		D432384C19B0006700A79C73 /* CoreGraphics.framework in Frameworks */ = {isa = PBXBuildFile; fileRef = D432384B19B0006700A79C73 /* CoreGraphics.framework */; };
		D432384E19B0006700A79C73 /* UIKit.framework in Frameworks */ = {isa = PBXBuildFile; fileRef = D432384D19B0006700A79C73 /* UIKit.framework */; };
		D432385419B0006700A79C73 /* InfoPlist.strings in Resources */ = {isa = PBXBuildFile; fileRef = D432385219B0006700A79C73 /* InfoPlist.strings */; };
		D432385619B0006700A79C73 /* main.m in Sources */ = {isa = PBXBuildFile; fileRef = D432385519B0006700A79C73 /* main.m */; };
		D432385A19B0006700A79C73 /* AppDelegate.m in Sources */ = {isa = PBXBuildFile; fileRef = D432385919B0006700A79C73 /* AppDelegate.m */; };
		D432385D19B0006700A79C73 /* Main_iPhone.storyboard in Resources */ = {isa = PBXBuildFile; fileRef = D432385B19B0006700A79C73 /* Main_iPhone.storyboard */; };
		D432386319B0006700A79C73 /* FirstViewController.m in Sources */ = {isa = PBXBuildFile; fileRef = D432386219B0006700A79C73 /* FirstViewController.m */; };
		D432386619B0006700A79C73 /* SecondViewController.m in Sources */ = {isa = PBXBuildFile; fileRef = D432386519B0006700A79C73 /* SecondViewController.m */; };
		D432386819B0006700A79C73 /* Images.xcassets in Resources */ = {isa = PBXBuildFile; fileRef = D432386719B0006700A79C73 /* Images.xcassets */; };
		D432386F19B0006700A79C73 /* XCTest.framework in Frameworks */ = {isa = PBXBuildFile; fileRef = D432386E19B0006700A79C73 /* XCTest.framework */; };
		D432387019B0006700A79C73 /* Foundation.framework in Frameworks */ = {isa = PBXBuildFile; fileRef = D432384919B0006700A79C73 /* Foundation.framework */; };
		D432387119B0006700A79C73 /* UIKit.framework in Frameworks */ = {isa = PBXBuildFile; fileRef = D432384D19B0006700A79C73 /* UIKit.framework */; };
		D432387919B0006700A79C73 /* InfoPlist.strings in Resources */ = {isa = PBXBuildFile; fileRef = D432387719B0006700A79C73 /* InfoPlist.strings */; };
		D432387B19B0006700A79C73 /* Sails_MessengerTests.m in Sources */ = {isa = PBXBuildFile; fileRef = D432387A19B0006700A79C73 /* Sails_MessengerTests.m */; };
		D476657019B009000053D030 /* icon@2x.png in Resources */ = {isa = PBXBuildFile; fileRef = D476656F19B009000053D030 /* icon@2x.png */; };
		D476657319B00D2F0053D030 /* SailsColor.m in Sources */ = {isa = PBXBuildFile; fileRef = D476657219B00D2F0053D030 /* SailsColor.m */; };
/* End PBXBuildFile section */

/* Begin PBXContainerItemProxy section */
		D432387219B0006700A79C73 /* PBXContainerItemProxy */ = {
			isa = PBXContainerItemProxy;
			containerPortal = D432383E19B0006700A79C73 /* Project object */;
			proxyType = 1;
			remoteGlobalIDString = D432384519B0006700A79C73;
			remoteInfo = "Sails Messenger";
		};
/* End PBXContainerItemProxy section */

/* Begin PBXFileReference section */
		D432384619B0006700A79C73 /* Sails Messenger.app */ = {isa = PBXFileReference; explicitFileType = wrapper.application; includeInIndex = 0; path = "Sails Messenger.app"; sourceTree = BUILT_PRODUCTS_DIR; };
		D432384919B0006700A79C73 /* Foundation.framework */ = {isa = PBXFileReference; lastKnownFileType = wrapper.framework; name = Foundation.framework; path = System/Library/Frameworks/Foundation.framework; sourceTree = SDKROOT; };
		D432384B19B0006700A79C73 /* CoreGraphics.framework */ = {isa = PBXFileReference; lastKnownFileType = wrapper.framework; name = CoreGraphics.framework; path = System/Library/Frameworks/CoreGraphics.framework; sourceTree = SDKROOT; };
		D432384D19B0006700A79C73 /* UIKit.framework */ = {isa = PBXFileReference; lastKnownFileType = wrapper.framework; name = UIKit.framework; path = System/Library/Frameworks/UIKit.framework; sourceTree = SDKROOT; };
		D432385119B0006700A79C73 /* Sails Messenger-Info.plist */ = {isa = PBXFileReference; lastKnownFileType = text.plist.xml; path = "Sails Messenger-Info.plist"; sourceTree = "<group>"; };
		D432385319B0006700A79C73 /* en */ = {isa = PBXFileReference; lastKnownFileType = text.plist.strings; name = en; path = en.lproj/InfoPlist.strings; sourceTree = "<group>"; };
		D432385519B0006700A79C73 /* main.m */ = {isa = PBXFileReference; lastKnownFileType = sourcecode.c.objc; path = main.m; sourceTree = "<group>"; };
		D432385719B0006700A79C73 /* Sails Messenger-Prefix.pch */ = {isa = PBXFileReference; lastKnownFileType = sourcecode.c.h; path = "Sails Messenger-Prefix.pch"; sourceTree = "<group>"; };
		D432385819B0006700A79C73 /* AppDelegate.h */ = {isa = PBXFileReference; lastKnownFileType = sourcecode.c.h; path = AppDelegate.h; sourceTree = "<group>"; };
		D432385919B0006700A79C73 /* AppDelegate.m */ = {isa = PBXFileReference; lastKnownFileType = sourcecode.c.objc; path = AppDelegate.m; sourceTree = "<group>"; };
		D432385C19B0006700A79C73 /* Base */ = {isa = PBXFileReference; lastKnownFileType = file.storyboard; name = Base; path = Base.lproj/Main_iPhone.storyboard; sourceTree = "<group>"; };
		D432386119B0006700A79C73 /* FirstViewController.h */ = {isa = PBXFileReference; lastKnownFileType = sourcecode.c.h; path = FirstViewController.h; sourceTree = "<group>"; };
		D432386219B0006700A79C73 /* FirstViewController.m */ = {isa = PBXFileReference; lastKnownFileType = sourcecode.c.objc; path = FirstViewController.m; sourceTree = "<group>"; };
		D432386419B0006700A79C73 /* SecondViewController.h */ = {isa = PBXFileReference; lastKnownFileType = sourcecode.c.h; path = SecondViewController.h; sourceTree = "<group>"; };
		D432386519B0006700A79C73 /* SecondViewController.m */ = {isa = PBXFileReference; lastKnownFileType = sourcecode.c.objc; path = SecondViewController.m; sourceTree = "<group>"; };
		D432386719B0006700A79C73 /* Images.xcassets */ = {isa = PBXFileReference; lastKnownFileType = folder.assetcatalog; path = Images.xcassets; sourceTree = "<group>"; };
		D432386D19B0006700A79C73 /* Sails MessengerTests.xctest */ = {isa = PBXFileReference; explicitFileType = wrapper.cfbundle; includeInIndex = 0; path = "Sails MessengerTests.xctest"; sourceTree = BUILT_PRODUCTS_DIR; };
		D432386E19B0006700A79C73 /* XCTest.framework */ = {isa = PBXFileReference; lastKnownFileType = wrapper.framework; name = XCTest.framework; path = Library/Frameworks/XCTest.framework; sourceTree = DEVELOPER_DIR; };
		D432387619B0006700A79C73 /* Sails MessengerTests-Info.plist */ = {isa = PBXFileReference; lastKnownFileType = text.plist.xml; path = "Sails MessengerTests-Info.plist"; sourceTree = "<group>"; };
		D432387819B0006700A79C73 /* en */ = {isa = PBXFileReference; lastKnownFileType = text.plist.strings; name = en; path = en.lproj/InfoPlist.strings; sourceTree = "<group>"; };
		D432387A19B0006700A79C73 /* Sails_MessengerTests.m */ = {isa = PBXFileReference; lastKnownFileType = sourcecode.c.objc; path = Sails_MessengerTests.m; sourceTree = "<group>"; };
		D476656F19B009000053D030 /* icon@2x.png */ = {isa = PBXFileReference; lastKnownFileType = image.png; path = "icon@2x.png"; sourceTree = "<group>"; };
		D476657119B00D2F0053D030 /* SailsColor.h */ = {isa = PBXFileReference; fileEncoding = 4; lastKnownFileType = sourcecode.c.h; path = SailsColor.h; sourceTree = "<group>"; };
		D476657219B00D2F0053D030 /* SailsColor.m */ = {isa = PBXFileReference; fileEncoding = 4; lastKnownFileType = sourcecode.c.objc; path = SailsColor.m; sourceTree = "<group>"; };
/* End PBXFileReference section */

/* Begin PBXFrameworksBuildPhase section */
		D432384319B0006700A79C73 /* Frameworks */ = {
			isa = PBXFrameworksBuildPhase;
			buildActionMask = 2147483647;
			files = (
				D432384C19B0006700A79C73 /* CoreGraphics.framework in Frameworks */,
				D432384E19B0006700A79C73 /* UIKit.framework in Frameworks */,
				D432384A19B0006700A79C73 /* Foundation.framework in Frameworks */,
			);
			runOnlyForDeploymentPostprocessing = 0;
		};
		D432386A19B0006700A79C73 /* Frameworks */ = {
			isa = PBXFrameworksBuildPhase;
			buildActionMask = 2147483647;
			files = (
				D432386F19B0006700A79C73 /* XCTest.framework in Frameworks */,
				D432387119B0006700A79C73 /* UIKit.framework in Frameworks */,
				D432387019B0006700A79C73 /* Foundation.framework in Frameworks */,
			);
			runOnlyForDeploymentPostprocessing = 0;
		};
/* End PBXFrameworksBuildPhase section */

/* Begin PBXGroup section */
		D432383D19B0006700A79C73 = {
			isa = PBXGroup;
			children = (
				D432384F19B0006700A79C73 /* Sails Messenger */,
				D432387419B0006700A79C73 /* Sails MessengerTests */,
				D432384819B0006700A79C73 /* Frameworks */,
				D432384719B0006700A79C73 /* Products */,
			);
			sourceTree = "<group>";
		};
		D432384719B0006700A79C73 /* Products */ = {
			isa = PBXGroup;
			children = (
				D432384619B0006700A79C73 /* Sails Messenger.app */,
				D432386D19B0006700A79C73 /* Sails MessengerTests.xctest */,
			);
			name = Products;
			sourceTree = "<group>";
		};
		D432384819B0006700A79C73 /* Frameworks */ = {
			isa = PBXGroup;
			children = (
				D432384919B0006700A79C73 /* Foundation.framework */,
				D432384B19B0006700A79C73 /* CoreGraphics.framework */,
				D432384D19B0006700A79C73 /* UIKit.framework */,
				D432386E19B0006700A79C73 /* XCTest.framework */,
			);
			name = Frameworks;
			sourceTree = "<group>";
		};
		D432384F19B0006700A79C73 /* Sails Messenger */ = {
			isa = PBXGroup;
			children = (
				D476656E19B008C10053D030 /* images */,
				D432385819B0006700A79C73 /* AppDelegate.h */,
				D432385919B0006700A79C73 /* AppDelegate.m */,
				D432385B19B0006700A79C73 /* Main_iPhone.storyboard */,
				D432386119B0006700A79C73 /* FirstViewController.h */,
				D432386219B0006700A79C73 /* FirstViewController.m */,
				D432386419B0006700A79C73 /* SecondViewController.h */,
				D432386519B0006700A79C73 /* SecondViewController.m */,
				D476657119B00D2F0053D030 /* SailsColor.h */,
				D476657219B00D2F0053D030 /* SailsColor.m */,
				D432386719B0006700A79C73 /* Images.xcassets */,
				D432385019B0006700A79C73 /* Supporting Files */,
			);
			path = "Sails Messenger";
			sourceTree = "<group>";
		};
		D432385019B0006700A79C73 /* Supporting Files */ = {
			isa = PBXGroup;
			children = (
				D432385119B0006700A79C73 /* Sails Messenger-Info.plist */,
				D432385219B0006700A79C73 /* InfoPlist.strings */,
				D432385519B0006700A79C73 /* main.m */,
				D432385719B0006700A79C73 /* Sails Messenger-Prefix.pch */,
			);
			name = "Supporting Files";
			sourceTree = "<group>";
		};
		D432387419B0006700A79C73 /* Sails MessengerTests */ = {
			isa = PBXGroup;
			children = (
				D432387A19B0006700A79C73 /* Sails_MessengerTests.m */,
				D432387519B0006700A79C73 /* Supporting Files */,
			);
			path = "Sails MessengerTests";
			sourceTree = "<group>";
		};
		D432387519B0006700A79C73 /* Supporting Files */ = {
			isa = PBXGroup;
			children = (
				D432387619B0006700A79C73 /* Sails MessengerTests-Info.plist */,
				D432387719B0006700A79C73 /* InfoPlist.strings */,
			);
			name = "Supporting Files";
			sourceTree = "<group>";
		};
		D476656E19B008C10053D030 /* images */ = {
			isa = PBXGroup;
			children = (
				D476656F19B009000053D030 /* icon@2x.png */,
			);
			path = images;
			sourceTree = "<group>";
		};
/* End PBXGroup section */

/* Begin PBXNativeTarget section */
		D432384519B0006700A79C73 /* Sails Messenger */ = {
			isa = PBXNativeTarget;
			buildConfigurationList = D432387E19B0006700A79C73 /* Build configuration list for PBXNativeTarget "Sails Messenger" */;
			buildPhases = (
				D432384219B0006700A79C73 /* Sources */,
				D432384319B0006700A79C73 /* Frameworks */,
				D432384419B0006700A79C73 /* Resources */,
			);
			buildRules = (
			);
			dependencies = (
			);
			name = "Sails Messenger";
			productName = "Sails Messenger";
			productReference = D432384619B0006700A79C73 /* Sails Messenger.app */;
			productType = "com.apple.product-type.application";
		};
		D432386C19B0006700A79C73 /* Sails MessengerTests */ = {
			isa = PBXNativeTarget;
			buildConfigurationList = D432388119B0006800A79C73 /* Build configuration list for PBXNativeTarget "Sails MessengerTests" */;
			buildPhases = (
				D432386919B0006700A79C73 /* Sources */,
				D432386A19B0006700A79C73 /* Frameworks */,
				D432386B19B0006700A79C73 /* Resources */,
			);
			buildRules = (
			);
			dependencies = (
				D432387319B0006700A79C73 /* PBXTargetDependency */,
			);
			name = "Sails MessengerTests";
			productName = "Sails MessengerTests";
			productReference = D432386D19B0006700A79C73 /* Sails MessengerTests.xctest */;
			productType = "com.apple.product-type.bundle.unit-test";
		};
/* End PBXNativeTarget section */

/* Begin PBXProject section */
		D432383E19B0006700A79C73 /* Project object */ = {
			isa = PBXProject;
			attributes = {
				LastUpgradeCheck = 0510;
				ORGANIZATIONNAME = TheFinestArtist;
				TargetAttributes = {
					D432386C19B0006700A79C73 = {
						TestTargetID = D432384519B0006700A79C73;
					};
				};
			};
			buildConfigurationList = D432384119B0006700A79C73 /* Build configuration list for PBXProject "Sails Messenger" */;
			compatibilityVersion = "Xcode 3.2";
			developmentRegion = English;
			hasScannedForEncodings = 0;
			knownRegions = (
				en,
				Base,
			);
			mainGroup = D432383D19B0006700A79C73;
			productRefGroup = D432384719B0006700A79C73 /* Products */;
			projectDirPath = "";
			projectRoot = "";
			targets = (
				D432384519B0006700A79C73 /* Sails Messenger */,
				D432386C19B0006700A79C73 /* Sails MessengerTests */,
			);
		};
/* End PBXProject section */

/* Begin PBXResourcesBuildPhase section */
		D432384419B0006700A79C73 /* Resources */ = {
			isa = PBXResourcesBuildPhase;
			buildActionMask = 2147483647;
			files = (
				D432386819B0006700A79C73 /* Images.xcassets in Resources */,
				D476657019B009000053D030 /* icon@2x.png in Resources */,
				D432385D19B0006700A79C73 /* Main_iPhone.storyboard in Resources */,
				D432385419B0006700A79C73 /* InfoPlist.strings in Resources */,
			);
			runOnlyForDeploymentPostprocessing = 0;
		};
		D432386B19B0006700A79C73 /* Resources */ = {
			isa = PBXResourcesBuildPhase;
			buildActionMask = 2147483647;
			files = (
				D432387919B0006700A79C73 /* InfoPlist.strings in Resources */,
			);
			runOnlyForDeploymentPostprocessing = 0;
		};
/* End PBXResourcesBuildPhase section */

/* Begin PBXSourcesBuildPhase section */
		D432384219B0006700A79C73 /* Sources */ = {
			isa = PBXSourcesBuildPhase;
			buildActionMask = 2147483647;
			files = (
				D432386619B0006700A79C73 /* SecondViewController.m in Sources */,
				D432385A19B0006700A79C73 /* AppDelegate.m in Sources */,
				D432386319B0006700A79C73 /* FirstViewController.m in Sources */,
				D476657319B00D2F0053D030 /* SailsColor.m in Sources */,
				D432385619B0006700A79C73 /* main.m in Sources */,
			);
			runOnlyForDeploymentPostprocessing = 0;
		};
		D432386919B0006700A79C73 /* Sources */ = {
			isa = PBXSourcesBuildPhase;
			buildActionMask = 2147483647;
			files = (
				D432387B19B0006700A79C73 /* Sails_MessengerTests.m in Sources */,
			);
			runOnlyForDeploymentPostprocessing = 0;
		};
/* End PBXSourcesBuildPhase section */

/* Begin PBXTargetDependency section */
		D432387319B0006700A79C73 /* PBXTargetDependency */ = {
			isa = PBXTargetDependency;
			target = D432384519B0006700A79C73 /* Sails Messenger */;
			targetProxy = D432387219B0006700A79C73 /* PBXContainerItemProxy */;
		};
/* End PBXTargetDependency section */

/* Begin PBXVariantGroup section */
		D432385219B0006700A79C73 /* InfoPlist.strings */ = {
			isa = PBXVariantGroup;
			children = (
				D432385319B0006700A79C73 /* en */,
			);
			name = InfoPlist.strings;
			sourceTree = "<group>";
		};
		D432385B19B0006700A79C73 /* Main_iPhone.storyboard */ = {
			isa = PBXVariantGroup;
			children = (
				D432385C19B0006700A79C73 /* Base */,
			);
			name = Main_iPhone.storyboard;
			sourceTree = "<group>";
		};
		D432387719B0006700A79C73 /* InfoPlist.strings */ = {
			isa = PBXVariantGroup;
			children = (
				D432387819B0006700A79C73 /* en */,
			);
			name = InfoPlist.strings;
			sourceTree = "<group>";
		};
/* End PBXVariantGroup section */

/* Begin XCBuildConfiguration section */
		D432387C19B0006700A79C73 /* Debug */ = {
			isa = XCBuildConfiguration;
			buildSettings = {
				ALWAYS_SEARCH_USER_PATHS = NO;
				CLANG_CXX_LANGUAGE_STANDARD = "gnu++0x";
				CLANG_CXX_LIBRARY = "libc++";
				CLANG_ENABLE_MODULES = YES;
				CLANG_ENABLE_OBJC_ARC = YES;
				CLANG_WARN_BOOL_CONVERSION = YES;
				CLANG_WARN_CONSTANT_CONVERSION = YES;
				CLANG_WARN_DIRECT_OBJC_ISA_USAGE = YES_ERROR;
				CLANG_WARN_EMPTY_BODY = YES;
				CLANG_WARN_ENUM_CONVERSION = YES;
				CLANG_WARN_INT_CONVERSION = YES;
				CLANG_WARN_OBJC_ROOT_CLASS = YES_ERROR;
				CLANG_WARN__DUPLICATE_METHOD_MATCH = YES;
				"CODE_SIGN_IDENTITY[sdk=iphoneos*]" = "iPhone Developer";
				COPY_PHASE_STRIP = NO;
				GCC_C_LANGUAGE_STANDARD = gnu99;
				GCC_DYNAMIC_NO_PIC = NO;
				GCC_OPTIMIZATION_LEVEL = 0;
				GCC_PREPROCESSOR_DEFINITIONS = (
					"DEBUG=1",
					"$(inherited)",
				);
				GCC_SYMBOLS_PRIVATE_EXTERN = NO;
				GCC_WARN_64_TO_32_BIT_CONVERSION = YES;
				GCC_WARN_ABOUT_RETURN_TYPE = YES_ERROR;
				GCC_WARN_UNDECLARED_SELECTOR = YES;
				GCC_WARN_UNINITIALIZED_AUTOS = YES_AGGRESSIVE;
				GCC_WARN_UNUSED_FUNCTION = YES;
				GCC_WARN_UNUSED_VARIABLE = YES;
				IPHONEOS_DEPLOYMENT_TARGET = 7.1;
				ONLY_ACTIVE_ARCH = YES;
				SDKROOT = iphoneos;
				TARGETED_DEVICE_FAMILY = "1,2";
			};
			name = Debug;
		};
		D432387D19B0006700A79C73 /* Release */ = {
			isa = XCBuildConfiguration;
			buildSettings = {
				ALWAYS_SEARCH_USER_PATHS = NO;
				CLANG_CXX_LANGUAGE_STANDARD = "gnu++0x";
				CLANG_CXX_LIBRARY = "libc++";
				CLANG_ENABLE_MODULES = YES;
				CLANG_ENABLE_OBJC_ARC = YES;
				CLANG_WARN_BOOL_CONVERSION = YES;
				CLANG_WARN_CONSTANT_CONVERSION = YES;
				CLANG_WARN_DIRECT_OBJC_ISA_USAGE = YES_ERROR;
				CLANG_WARN_EMPTY_BODY = YES;
				CLANG_WARN_ENUM_CONVERSION = YES;
				CLANG_WARN_INT_CONVERSION = YES;
				CLANG_WARN_OBJC_ROOT_CLASS = YES_ERROR;
				CLANG_WARN__DUPLICATE_METHOD_MATCH = YES;
				"CODE_SIGN_IDENTITY[sdk=iphoneos*]" = "iPhone Developer";
				COPY_PHASE_STRIP = YES;
				ENABLE_NS_ASSERTIONS = NO;
				GCC_C_LANGUAGE_STANDARD = gnu99;
				GCC_WARN_64_TO_32_BIT_CONVERSION = YES;
				GCC_WARN_ABOUT_RETURN_TYPE = YES_ERROR;
				GCC_WARN_UNDECLARED_SELECTOR = YES;
				GCC_WARN_UNINITIALIZED_AUTOS = YES_AGGRESSIVE;
				GCC_WARN_UNUSED_FUNCTION = YES;
				GCC_WARN_UNUSED_VARIABLE = YES;
				IPHONEOS_DEPLOYMENT_TARGET = 7.1;
				SDKROOT = iphoneos;
				TARGETED_DEVICE_FAMILY = "1,2";
				VALIDATE_PRODUCT = YES;
			};
			name = Release;
		};
		D432387F19B0006700A79C73 /* Debug */ = {
			isa = XCBuildConfiguration;
			buildSettings = {
				ASSETCATALOG_COMPILER_APPICON_NAME = AppIcon;
				ASSETCATALOG_COMPILER_LAUNCHIMAGE_NAME = LaunchImage;
				GCC_PRECOMPILE_PREFIX_HEADER = YES;
				GCC_PREFIX_HEADER = "Sails Messenger/Sails Messenger-Prefix.pch";
				INFOPLIST_FILE = "Sails Messenger/Sails Messenger-Info.plist";
				IPHONEOS_DEPLOYMENT_TARGET = 7.0;
				PRODUCT_NAME = "$(TARGET_NAME)";
				TARGETED_DEVICE_FAMILY = 1;
				WRAPPER_EXTENSION = app;
			};
			name = Debug;
		};
		D432388019B0006700A79C73 /* Release */ = {
			isa = XCBuildConfiguration;
			buildSettings = {
				ASSETCATALOG_COMPILER_APPICON_NAME = AppIcon;
				ASSETCATALOG_COMPILER_LAUNCHIMAGE_NAME = LaunchImage;
				GCC_PRECOMPILE_PREFIX_HEADER = YES;
				GCC_PREFIX_HEADER = "Sails Messenger/Sails Messenger-Prefix.pch";
				INFOPLIST_FILE = "Sails Messenger/Sails Messenger-Info.plist";
				IPHONEOS_DEPLOYMENT_TARGET = 7.0;
				PRODUCT_NAME = "$(TARGET_NAME)";
				TARGETED_DEVICE_FAMILY = 1;
				WRAPPER_EXTENSION = app;
			};
			name = Release;
		};
		D432388219B0006800A79C73 /* Debug */ = {
			isa = XCBuildConfiguration;
			buildSettings = {
				BUNDLE_LOADER = "$(BUILT_PRODUCTS_DIR)/Sails Messenger.app/Sails Messenger";
				FRAMEWORK_SEARCH_PATHS = (
					"$(SDKROOT)/Developer/Library/Frameworks",
					"$(inherited)",
					"$(DEVELOPER_FRAMEWORKS_DIR)",
				);
				GCC_PRECOMPILE_PREFIX_HEADER = YES;
				GCC_PREFIX_HEADER = "Sails Messenger/Sails Messenger-Prefix.pch";
				GCC_PREPROCESSOR_DEFINITIONS = (
					"DEBUG=1",
					"$(inherited)",
				);
				INFOPLIST_FILE = "Sails MessengerTests/Sails MessengerTests-Info.plist";
				PRODUCT_NAME = "$(TARGET_NAME)";
				TEST_HOST = "$(BUNDLE_LOADER)";
				WRAPPER_EXTENSION = xctest;
			};
			name = Debug;
		};
		D432388319B0006800A79C73 /* Release */ = {
			isa = XCBuildConfiguration;
			buildSettings = {
				BUNDLE_LOADER = "$(BUILT_PRODUCTS_DIR)/Sails Messenger.app/Sails Messenger";
				FRAMEWORK_SEARCH_PATHS = (
					"$(SDKROOT)/Developer/Library/Frameworks",
					"$(inherited)",
					"$(DEVELOPER_FRAMEWORKS_DIR)",
				);
				GCC_PRECOMPILE_PREFIX_HEADER = YES;
				GCC_PREFIX_HEADER = "Sails Messenger/Sails Messenger-Prefix.pch";
				INFOPLIST_FILE = "Sails MessengerTests/Sails MessengerTests-Info.plist";
				PRODUCT_NAME = "$(TARGET_NAME)";
				TEST_HOST = "$(BUNDLE_LOADER)";
				WRAPPER_EXTENSION = xctest;
			};
			name = Release;
		};
/* End XCBuildConfiguration section */

/* Begin XCConfigurationList section */
		D432384119B0006700A79C73 /* Build configuration list for PBXProject "Sails Messenger" */ = {
			isa = XCConfigurationList;
			buildConfigurations = (
				D432387C19B0006700A79C73 /* Debug */,
				D432387D19B0006700A79C73 /* Release */,
			);
			defaultConfigurationIsVisible = 0;
			defaultConfigurationName = Release;
		};
		D432387E19B0006700A79C73 /* Build configuration list for PBXNativeTarget "Sails Messenger" */ = {
			isa = XCConfigurationList;
			buildConfigurations = (
				D432387F19B0006700A79C73 /* Debug */,
				D432388019B0006700A79C73 /* Release */,
			);
			defaultConfigurationIsVisible = 0;
			defaultConfigurationName = Release;
		};
		D432388119B0006800A79C73 /* Build configuration list for PBXNativeTarget "Sails MessengerTests" */ = {
			isa = XCConfigurationList;
			buildConfigurations = (
				D432388219B0006800A79C73 /* Debug */,
				D432388319B0006800A79C73 /* Release */,
			);
			defaultConfigurationIsVisible = 0;
			defaultConfigurationName = Release;
		};
/* End XCConfigurationList section */
	};
	rootObject = D432383E19B0006700A79C73 /* Project object */;
}
